
Microsoft Visual Studio Solution File, Format Version 12.00
# Visual Studio Version 17
VisualStudioVersion = 17.9.34607.119
MinimumVisualStudioVersion = 10.0.40219.1
Project("{FAE04EC0-301F-11D3-BF4B-00C04F79EFBC}") = "DotDeals", "DotDeals\DotDeals.csproj", "{2EC40C68-A588-405F-A848-68B1FF55B711}"
EndProject
Global
	GlobalSection(SolutionConfigurationPlatforms) = preSolution
		Debug|Any CPU = Debug|Any CPU
		Release|Any CPU = Release|Any CPU
	EndGlobalSection
	GlobalSection(ProjectConfigurationPlatforms) = postSolution
		{2EC40C68-A588-405F-A848-68B1FF55B711}.Debug|Any CPU.ActiveCfg = Debug|Any CPU
		{2EC40C68-A588-405F-A848-68B1FF55B711}.Debug|Any CPU.Build.0 = Debug|Any CPU
		{2EC40C68-A588-405F-A848-68B1FF55B711}.Release|Any CPU.ActiveCfg = Release|Any CPU
		{2EC40C68-A588-405F-A848-68B1FF55B711}.Release|Any CPU.Build.0 = Release|Any CPU
	EndGlobalSection
	GlobalSection(SolutionProperties) = preSolution
		HideSolutionNode = FALSE
	EndGlobalSection
	GlobalSection(ExtensibilityGlobals) = postSolution
		SolutionGuid = {5236B6FC-911B-4818-A431-B156900E2308}
	EndGlobalSection
EndGlobal
